
Microsoft Visual Studio Solution File, Format Version 12.00
# Visual Studio 14
VisualStudioVersion = 14.0.25420.1
MinimumVisualStudioVersion = 10.0.40219.1
Project("{FAE04EC0-301F-11D3-BF4B-00C04F79EFBC}") = "SGTabbedPager", "SGTabbedPager\SGTabbedPager.csproj", "{B5CB36F0-11F2-48E4-9DEE-21DB3742DAF5}"
EndProject
Project("{FAE04EC0-301F-11D3-BF4B-00C04F79EFBC}") = "SGTabbedPagerMvx", "SGTabbedPagerMvx\SGTabbedPagerMvx.csproj", "{78B8B77D-BF64-4E01-A266-ECA287103852}"
EndProject
Project("{2150E333-8FDC-42A3-9474-1A3956D46DE8}") = "Samples", "Samples", "{1E46C7F7-2953-458B-B7F1-C524AEAC028F}"
EndProject
Project("{FAE04EC0-301F-11D3-BF4B-00C04F79EFBC}") = "Sample", "Sample\Sample.csproj", "{316E6876-54B5-4F6A-BE8E-5BF6E3392352}"
EndProject
Project("{2150E333-8FDC-42A3-9474-1A3956D46DE8}") = "Mvx", "Mvx", "{8698870B-1D92-48CC-988A-002DEF3102FE}"
EndProject
Project("{FAE04EC0-301F-11D3-BF4B-00C04F79EFBC}") = "SampleMvx.Core", "SampleMvx\Core\SampleMvx.Core.csproj", "{31D7792C-8339-4C32-8C91-123C9B248B83}"
EndProject
Project("{FAE04EC0-301F-11D3-BF4B-00C04F79EFBC}") = "SampleMvx.iOS", "SampleMvx\iOS\SampleMvx.iOS.csproj", "{EB7592B4-6689-4D9D-8DC0-F42726B1271D}"
EndProject
Global
	GlobalSection(SolutionConfigurationPlatforms) = preSolution
		Ad-Hoc|Any CPU = Ad-Hoc|Any CPU
		Ad-Hoc|ARM = Ad-Hoc|ARM
		Ad-Hoc|iPhone = Ad-Hoc|iPhone
		Ad-Hoc|iPhoneSimulator = Ad-Hoc|iPhoneSimulator
		Ad-Hoc|x64 = Ad-Hoc|x64
		Ad-Hoc|x86 = Ad-Hoc|x86
		AppStore|Any CPU = AppStore|Any CPU
		AppStore|ARM = AppStore|ARM
		AppStore|iPhone = AppStore|iPhone
		AppStore|iPhoneSimulator = AppStore|iPhoneSimulator
		AppStore|x64 = AppStore|x64
		AppStore|x86 = AppStore|x86
		Debug|Any CPU = Debug|Any CPU
		Debug|ARM = Debug|ARM
		Debug|iPhone = Debug|iPhone
		Debug|iPhoneSimulator = Debug|iPhoneSimulator
		Debug|x64 = Debug|x64
		Debug|x86 = Debug|x86
		Release|Any CPU = Release|Any CPU
		Release|ARM = Release|ARM
		Release|iPhone = Release|iPhone
		Release|iPhoneSimulator = Release|iPhoneSimulator
		Release|x64 = Release|x64
		Release|x86 = Release|x86
	EndGlobalSection
	GlobalSection(ProjectConfigurationPlatforms) = postSolution
		{B5CB36F0-11F2-48E4-9DEE-21DB3742DAF5}.Ad-Hoc|Any CPU.ActiveCfg = Release|Any CPU
		{B5CB36F0-11F2-48E4-9DEE-21DB3742DAF5}.Ad-Hoc|Any CPU.Build.0 = Release|Any CPU
		{B5CB36F0-11F2-48E4-9DEE-21DB3742DAF5}.Ad-Hoc|ARM.ActiveCfg = Debug|Any CPU
		{B5CB36F0-11F2-48E4-9DEE-21DB3742DAF5}.Ad-Hoc|ARM.Build.0 = Debug|Any CPU
		{B5CB36F0-11F2-48E4-9DEE-21DB3742DAF5}.Ad-Hoc|iPhone.ActiveCfg = Release|Any CPU
		{B5CB36F0-11F2-48E4-9DEE-21DB3742DAF5}.Ad-Hoc|iPhone.Build.0 = Release|Any CPU
		{B5CB36F0-11F2-48E4-9DEE-21DB3742DAF5}.Ad-Hoc|iPhoneSimulator.ActiveCfg = Release|Any CPU
		{B5CB36F0-11F2-48E4-9DEE-21DB3742DAF5}.Ad-Hoc|iPhoneSimulator.Build.0 = Release|Any CPU
		{B5CB36F0-11F2-48E4-9DEE-21DB3742DAF5}.Ad-Hoc|x64.ActiveCfg = Debug|Any CPU
		{B5CB36F0-11F2-48E4-9DEE-21DB3742DAF5}.Ad-Hoc|x64.Build.0 = Debug|Any CPU
		{B5CB36F0-11F2-48E4-9DEE-21DB3742DAF5}.Ad-Hoc|x86.ActiveCfg = Debug|Any CPU
		{B5CB36F0-11F2-48E4-9DEE-21DB3742DAF5}.Ad-Hoc|x86.Build.0 = Debug|Any CPU
		{B5CB36F0-11F2-48E4-9DEE-21DB3742DAF5}.AppStore|Any CPU.ActiveCfg = Release|Any CPU
		{B5CB36F0-11F2-48E4-9DEE-21DB3742DAF5}.AppStore|Any CPU.Build.0 = Release|Any CPU
		{B5CB36F0-11F2-48E4-9DEE-21DB3742DAF5}.AppStore|ARM.ActiveCfg = Debug|Any CPU
		{B5CB36F0-11F2-48E4-9DEE-21DB3742DAF5}.AppStore|ARM.Build.0 = Debug|Any CPU
		{B5CB36F0-11F2-48E4-9DEE-21DB3742DAF5}.AppStore|iPhone.ActiveCfg = Release|Any CPU
		{B5CB36F0-11F2-48E4-9DEE-21DB3742DAF5}.AppStore|iPhone.Build.0 = Release|Any CPU
		{B5CB36F0-11F2-48E4-9DEE-21DB3742DAF5}.AppStore|iPhoneSimulator.ActiveCfg = Release|Any CPU
		{B5CB36F0-11F2-48E4-9DEE-21DB3742DAF5}.AppStore|iPhoneSimulator.Build.0 = Release|Any CPU
		{B5CB36F0-11F2-48E4-9DEE-21DB3742DAF5}.AppStore|x64.ActiveCfg = Debug|Any CPU
		{B5CB36F0-11F2-48E4-9DEE-21DB3742DAF5}.AppStore|x64.Build.0 = Debug|Any CPU
		{B5CB36F0-11F2-48E4-9DEE-21DB3742DAF5}.AppStore|x86.ActiveCfg = Debug|Any CPU
		{B5CB36F0-11F2-48E4-9DEE-21DB3742DAF5}.AppStore|x86.Build.0 = Debug|Any CPU
		{B5CB36F0-11F2-48E4-9DEE-21DB3742DAF5}.Debug|Any CPU.ActiveCfg = Debug|Any CPU
		{B5CB36F0-11F2-48E4-9DEE-21DB3742DAF5}.Debug|Any CPU.Build.0 = Debug|Any CPU
		{B5CB36F0-11F2-48E4-9DEE-21DB3742DAF5}.Debug|ARM.ActiveCfg = Debug|Any CPU
		{B5CB36F0-11F2-48E4-9DEE-21DB3742DAF5}.Debug|ARM.Build.0 = Debug|Any CPU
		{B5CB36F0-11F2-48E4-9DEE-21DB3742DAF5}.Debug|iPhone.ActiveCfg = Debug|Any CPU
		{B5CB36F0-11F2-48E4-9DEE-21DB3742DAF5}.Debug|iPhone.Build.0 = Debug|Any CPU
		{B5CB36F0-11F2-48E4-9DEE-21DB3742DAF5}.Debug|iPhoneSimulator.ActiveCfg = Debug|Any CPU
		{B5CB36F0-11F2-48E4-9DEE-21DB3742DAF5}.Debug|iPhoneSimulator.Build.0 = Debug|Any CPU
		{B5CB36F0-11F2-48E4-9DEE-21DB3742DAF5}.Debug|x64.ActiveCfg = Debug|Any CPU
		{B5CB36F0-11F2-48E4-9DEE-21DB3742DAF5}.Debug|x64.Build.0 = Debug|Any CPU
		{B5CB36F0-11F2-48E4-9DEE-21DB3742DAF5}.Debug|x86.ActiveCfg = Debug|Any CPU
		{B5CB36F0-11F2-48E4-9DEE-21DB3742DAF5}.Debug|x86.Build.0 = Debug|Any CPU
		{B5CB36F0-11F2-48E4-9DEE-21DB3742DAF5}.Release|Any CPU.ActiveCfg = Release|Any CPU
		{B5CB36F0-11F2-48E4-9DEE-21DB3742DAF5}.Release|Any CPU.Build.0 = Release|Any CPU
		{B5CB36F0-11F2-48E4-9DEE-21DB3742DAF5}.Release|ARM.ActiveCfg = Release|Any CPU
		{B5CB36F0-11F2-48E4-9DEE-21DB3742DAF5}.Release|ARM.Build.0 = Release|Any CPU
		{B5CB36F0-11F2-48E4-9DEE-21DB3742DAF5}.Release|iPhone.ActiveCfg = Release|Any CPU
		{B5CB36F0-11F2-48E4-9DEE-21DB3742DAF5}.Release|iPhone.Build.0 = Release|Any CPU
		{B5CB36F0-11F2-48E4-9DEE-21DB3742DAF5}.Release|iPhoneSimulator.ActiveCfg = Release|Any CPU
		{B5CB36F0-11F2-48E4-9DEE-21DB3742DAF5}.Release|iPhoneSimulator.Build.0 = Release|Any CPU
		{B5CB36F0-11F2-48E4-9DEE-21DB3742DAF5}.Release|x64.ActiveCfg = Release|Any CPU
		{B5CB36F0-11F2-48E4-9DEE-21DB3742DAF5}.Release|x64.Build.0 = Release|Any CPU
		{B5CB36F0-11F2-48E4-9DEE-21DB3742DAF5}.Release|x86.ActiveCfg = Release|Any CPU
		{B5CB36F0-11F2-48E4-9DEE-21DB3742DAF5}.Release|x86.Build.0 = Release|Any CPU
		{78B8B77D-BF64-4E01-A266-ECA287103852}.Ad-Hoc|Any CPU.ActiveCfg = Release|Any CPU
		{78B8B77D-BF64-4E01-A266-ECA287103852}.Ad-Hoc|Any CPU.Build.0 = Release|Any CPU
		{78B8B77D-BF64-4E01-A266-ECA287103852}.Ad-Hoc|ARM.ActiveCfg = Debug|Any CPU
		{78B8B77D-BF64-4E01-A266-ECA287103852}.Ad-Hoc|ARM.Build.0 = Debug|Any CPU
		{78B8B77D-BF64-4E01-A266-ECA287103852}.Ad-Hoc|iPhone.ActiveCfg = Release|Any CPU
		{78B8B77D-BF64-4E01-A266-ECA287103852}.Ad-Hoc|iPhone.Build.0 = Release|Any CPU
		{78B8B77D-BF64-4E01-A266-ECA287103852}.Ad-Hoc|iPhoneSimulator.ActiveCfg = Release|Any CPU
		{78B8B77D-BF64-4E01-A266-ECA287103852}.Ad-Hoc|iPhoneSimulator.Build.0 = Release|Any CPU
		{78B8B77D-BF64-4E01-A266-ECA287103852}.Ad-Hoc|x64.ActiveCfg = Debug|Any CPU
		{78B8B77D-BF64-4E01-A266-ECA287103852}.Ad-Hoc|x64.Build.0 = Debug|Any CPU
		{78B8B77D-BF64-4E01-A266-ECA287103852}.Ad-Hoc|x86.ActiveCfg = Debug|Any CPU
		{78B8B77D-BF64-4E01-A266-ECA287103852}.Ad-Hoc|x86.Build.0 = Debug|Any CPU
		{78B8B77D-BF64-4E01-A266-ECA287103852}.AppStore|Any CPU.ActiveCfg = Release|Any CPU
		{78B8B77D-BF64-4E01-A266-ECA287103852}.AppStore|Any CPU.Build.0 = Release|Any CPU
		{78B8B77D-BF64-4E01-A266-ECA287103852}.AppStore|ARM.ActiveCfg = Debug|Any CPU
		{78B8B77D-BF64-4E01-A266-ECA287103852}.AppStore|ARM.Build.0 = Debug|Any CPU
		{78B8B77D-BF64-4E01-A266-ECA287103852}.AppStore|iPhone.ActiveCfg = Release|Any CPU
		{78B8B77D-BF64-4E01-A266-ECA287103852}.AppStore|iPhone.Build.0 = Release|Any CPU
		{78B8B77D-BF64-4E01-A266-ECA287103852}.AppStore|iPhoneSimulator.ActiveCfg = Release|Any CPU
		{78B8B77D-BF64-4E01-A266-ECA287103852}.AppStore|iPhoneSimulator.Build.0 = Release|Any CPU
		{78B8B77D-BF64-4E01-A266-ECA287103852}.AppStore|x64.ActiveCfg = Debug|Any CPU
		{78B8B77D-BF64-4E01-A266-ECA287103852}.AppStore|x64.Build.0 = Debug|Any CPU
		{78B8B77D-BF64-4E01-A266-ECA287103852}.AppStore|x86.ActiveCfg = Debug|Any CPU
		{78B8B77D-BF64-4E01-A266-ECA287103852}.AppStore|x86.Build.0 = Debug|Any CPU
		{78B8B77D-BF64-4E01-A266-ECA287103852}.Debug|Any CPU.ActiveCfg = Debug|Any CPU
		{78B8B77D-BF64-4E01-A266-ECA287103852}.Debug|Any CPU.Build.0 = Debug|Any CPU
		{78B8B77D-BF64-4E01-A266-ECA287103852}.Debug|ARM.ActiveCfg = Debug|Any CPU
		{78B8B77D-BF64-4E01-A266-ECA287103852}.Debug|ARM.Build.0 = Debug|Any CPU
		{78B8B77D-BF64-4E01-A266-ECA287103852}.Debug|iPhone.ActiveCfg = Debug|Any CPU
		{78B8B77D-BF64-4E01-A266-ECA287103852}.Debug|iPhone.Build.0 = Debug|Any CPU
		{78B8B77D-BF64-4E01-A266-ECA287103852}.Debug|iPhoneSimulator.ActiveCfg = Debug|Any CPU
		{78B8B77D-BF64-4E01-A266-ECA287103852}.Debug|iPhoneSimulator.Build.0 = Debug|Any CPU
		{78B8B77D-BF64-4E01-A266-ECA287103852}.Debug|x64.ActiveCfg = Debug|Any CPU
		{78B8B77D-BF64-4E01-A266-ECA287103852}.Debug|x64.Build.0 = Debug|Any CPU
		{78B8B77D-BF64-4E01-A266-ECA287103852}.Debug|x86.ActiveCfg = Debug|Any CPU
		{78B8B77D-BF64-4E01-A266-ECA287103852}.Debug|x86.Build.0 = Debug|Any CPU
		{78B8B77D-BF64-4E01-A266-ECA287103852}.Release|Any CPU.ActiveCfg = Release|Any CPU
		{78B8B77D-BF64-4E01-A266-ECA287103852}.Release|Any CPU.Build.0 = Release|Any CPU
		{78B8B77D-BF64-4E01-A266-ECA287103852}.Release|ARM.ActiveCfg = Release|Any CPU
		{78B8B77D-BF64-4E01-A266-ECA287103852}.Release|ARM.Build.0 = Release|Any CPU
		{78B8B77D-BF64-4E01-A266-ECA287103852}.Release|iPhone.ActiveCfg = Release|Any CPU
		{78B8B77D-BF64-4E01-A266-ECA287103852}.Release|iPhone.Build.0 = Release|Any CPU
		{78B8B77D-BF64-4E01-A266-ECA287103852}.Release|iPhoneSimulator.ActiveCfg = Release|Any CPU
		{78B8B77D-BF64-4E01-A266-ECA287103852}.Release|iPhoneSimulator.Build.0 = Release|Any CPU
		{78B8B77D-BF64-4E01-A266-ECA287103852}.Release|x64.ActiveCfg = Release|Any CPU
		{78B8B77D-BF64-4E01-A266-ECA287103852}.Release|x64.Build.0 = Release|Any CPU
		{78B8B77D-BF64-4E01-A266-ECA287103852}.Release|x86.ActiveCfg = Release|Any CPU
		{78B8B77D-BF64-4E01-A266-ECA287103852}.Release|x86.Build.0 = Release|Any CPU
		{316E6876-54B5-4F6A-BE8E-5BF6E3392352}.Ad-Hoc|Any CPU.ActiveCfg = Ad-Hoc|iPhone
		{316E6876-54B5-4F6A-BE8E-5BF6E3392352}.Ad-Hoc|ARM.ActiveCfg = Ad-Hoc|iPhoneSimulator
		{316E6876-54B5-4F6A-BE8E-5BF6E3392352}.Ad-Hoc|iPhone.ActiveCfg = Ad-Hoc|iPhone
		{316E6876-54B5-4F6A-BE8E-5BF6E3392352}.Ad-Hoc|iPhone.Build.0 = Ad-Hoc|iPhone
		{316E6876-54B5-4F6A-BE8E-5BF6E3392352}.Ad-Hoc|iPhoneSimulator.ActiveCfg = Ad-Hoc|iPhoneSimulator
		{316E6876-54B5-4F6A-BE8E-5BF6E3392352}.Ad-Hoc|iPhoneSimulator.Build.0 = Ad-Hoc|iPhoneSimulator
		{316E6876-54B5-4F6A-BE8E-5BF6E3392352}.Ad-Hoc|x64.ActiveCfg = Ad-Hoc|iPhoneSimulator
		{316E6876-54B5-4F6A-BE8E-5BF6E3392352}.Ad-Hoc|x86.ActiveCfg = Ad-Hoc|iPhoneSimulator
		{316E6876-54B5-4F6A-BE8E-5BF6E3392352}.AppStore|Any CPU.ActiveCfg = AppStore|iPhone
		{316E6876-54B5-4F6A-BE8E-5BF6E3392352}.AppStore|ARM.ActiveCfg = AppStore|iPhoneSimulator
		{316E6876-54B5-4F6A-BE8E-5BF6E3392352}.AppStore|iPhone.ActiveCfg = AppStore|iPhone
		{316E6876-54B5-4F6A-BE8E-5BF6E3392352}.AppStore|iPhone.Build.0 = AppStore|iPhone
		{316E6876-54B5-4F6A-BE8E-5BF6E3392352}.AppStore|iPhoneSimulator.ActiveCfg = AppStore|iPhoneSimulator
		{316E6876-54B5-4F6A-BE8E-5BF6E3392352}.AppStore|iPhoneSimulator.Build.0 = AppStore|iPhoneSimulator
		{316E6876-54B5-4F6A-BE8E-5BF6E3392352}.AppStore|x64.ActiveCfg = AppStore|iPhoneSimulator
		{316E6876-54B5-4F6A-BE8E-5BF6E3392352}.AppStore|x86.ActiveCfg = AppStore|iPhoneSimulator
		{316E6876-54B5-4F6A-BE8E-5BF6E3392352}.Debug|Any CPU.ActiveCfg = Debug|iPhone
		{316E6876-54B5-4F6A-BE8E-5BF6E3392352}.Debug|ARM.ActiveCfg = Debug|iPhoneSimulator
		{316E6876-54B5-4F6A-BE8E-5BF6E3392352}.Debug|iPhone.ActiveCfg = Debug|iPhone
		{316E6876-54B5-4F6A-BE8E-5BF6E3392352}.Debug|iPhone.Build.0 = Debug|iPhone
		{316E6876-54B5-4F6A-BE8E-5BF6E3392352}.Debug|iPhoneSimulator.ActiveCfg = Debug|iPhoneSimulator
		{316E6876-54B5-4F6A-BE8E-5BF6E3392352}.Debug|iPhoneSimulator.Build.0 = Debug|iPhoneSimulator
		{316E6876-54B5-4F6A-BE8E-5BF6E3392352}.Debug|x64.ActiveCfg = Debug|iPhoneSimulator
		{316E6876-54B5-4F6A-BE8E-5BF6E3392352}.Debug|x86.ActiveCfg = Debug|iPhoneSimulator
		{316E6876-54B5-4F6A-BE8E-5BF6E3392352}.Release|Any CPU.ActiveCfg = Release|iPhone
		{316E6876-54B5-4F6A-BE8E-5BF6E3392352}.Release|ARM.ActiveCfg = Release|iPhoneSimulator
		{316E6876-54B5-4F6A-BE8E-5BF6E3392352}.Release|iPhone.ActiveCfg = Release|iPhone
		{316E6876-54B5-4F6A-BE8E-5BF6E3392352}.Release|iPhone.Build.0 = Release|iPhone
		{316E6876-54B5-4F6A-BE8E-5BF6E3392352}.Release|iPhoneSimulator.ActiveCfg = Release|iPhoneSimulator
		{316E6876-54B5-4F6A-BE8E-5BF6E3392352}.Release|iPhoneSimulator.Build.0 = Release|iPhoneSimulator
		{316E6876-54B5-4F6A-BE8E-5BF6E3392352}.Release|x64.ActiveCfg = Release|iPhoneSimulator
		{316E6876-54B5-4F6A-BE8E-5BF6E3392352}.Release|x86.ActiveCfg = Release|iPhoneSimulator
		{31D7792C-8339-4C32-8C91-123C9B248B83}.Ad-Hoc|Any CPU.ActiveCfg = Release|Any CPU
		{31D7792C-8339-4C32-8C91-123C9B248B83}.Ad-Hoc|Any CPU.Build.0 = Release|Any CPU
		{31D7792C-8339-4C32-8C91-123C9B248B83}.Ad-Hoc|ARM.ActiveCfg = Release|Any CPU
		{31D7792C-8339-4C32-8C91-123C9B248B83}.Ad-Hoc|ARM.Build.0 = Release|Any CPU
		{31D7792C-8339-4C32-8C91-123C9B248B83}.Ad-Hoc|iPhone.ActiveCfg = Release|Any CPU
		{31D7792C-8339-4C32-8C91-123C9B248B83}.Ad-Hoc|iPhone.Build.0 = Release|Any CPU
		{31D7792C-8339-4C32-8C91-123C9B248B83}.Ad-Hoc|iPhoneSimulator.ActiveCfg = Release|Any CPU
		{31D7792C-8339-4C32-8C91-123C9B248B83}.Ad-Hoc|iPhoneSimulator.Build.0 = Release|Any CPU
		{31D7792C-8339-4C32-8C91-123C9B248B83}.Ad-Hoc|x64.ActiveCfg = Release|Any CPU
		{31D7792C-8339-4C32-8C91-123C9B248B83}.Ad-Hoc|x64.Build.0 = Release|Any CPU
		{31D7792C-8339-4C32-8C91-123C9B248B83}.Ad-Hoc|x86.ActiveCfg = Release|Any CPU
		{31D7792C-8339-4C32-8C91-123C9B248B83}.Ad-Hoc|x86.Build.0 = Release|Any CPU
		{31D7792C-8339-4C32-8C91-123C9B248B83}.AppStore|Any CPU.ActiveCfg = Release|Any CPU
		{31D7792C-8339-4C32-8C91-123C9B248B83}.AppStore|Any CPU.Build.0 = Release|Any CPU
		{31D7792C-8339-4C32-8C91-123C9B248B83}.AppStore|ARM.ActiveCfg = Release|Any CPU
		{31D7792C-8339-4C32-8C91-123C9B248B83}.AppStore|ARM.Build.0 = Release|Any CPU
		{31D7792C-8339-4C32-8C91-123C9B248B83}.AppStore|iPhone.ActiveCfg = Release|Any CPU
		{31D7792C-8339-4C32-8C91-123C9B248B83}.AppStore|iPhone.Build.0 = Release|Any CPU
		{31D7792C-8339-4C32-8C91-123C9B248B83}.AppStore|iPhoneSimulator.ActiveCfg = Release|Any CPU
		{31D7792C-8339-4C32-8C91-123C9B248B83}.AppStore|iPhoneSimulator.Build.0 = Release|Any CPU
		{31D7792C-8339-4C32-8C91-123C9B248B83}.AppStore|x64.ActiveCfg = Release|Any CPU
		{31D7792C-8339-4C32-8C91-123C9B248B83}.AppStore|x64.Build.0 = Release|Any CPU
		{31D7792C-8339-4C32-8C91-123C9B248B83}.AppStore|x86.ActiveCfg = Release|Any CPU
		{31D7792C-8339-4C32-8C91-123C9B248B83}.AppStore|x86.Build.0 = Release|Any CPU
		{31D7792C-8339-4C32-8C91-123C9B248B83}.Debug|Any CPU.ActiveCfg = Debug|Any CPU
		{31D7792C-8339-4C32-8C91-123C9B248B83}.Debug|Any CPU.Build.0 = Debug|Any CPU
		{31D7792C-8339-4C32-8C91-123C9B248B83}.Debug|ARM.ActiveCfg = Debug|Any CPU
		{31D7792C-8339-4C32-8C91-123C9B248B83}.Debug|ARM.Build.0 = Debug|Any CPU
		{31D7792C-8339-4C32-8C91-123C9B248B83}.Debug|iPhone.ActiveCfg = Debug|Any CPU
		{31D7792C-8339-4C32-8C91-123C9B248B83}.Debug|iPhone.Build.0 = Debug|Any CPU
		{31D7792C-8339-4C32-8C91-123C9B248B83}.Debug|iPhoneSimulator.ActiveCfg = Debug|Any CPU
		{31D7792C-8339-4C32-8C91-123C9B248B83}.Debug|iPhoneSimulator.Build.0 = Debug|Any CPU
		{31D7792C-8339-4C32-8C91-123C9B248B83}.Debug|x64.ActiveCfg = Debug|Any CPU
		{31D7792C-8339-4C32-8C91-123C9B248B83}.Debug|x64.Build.0 = Debug|Any CPU
		{31D7792C-8339-4C32-8C91-123C9B248B83}.Debug|x86.ActiveCfg = Debug|Any CPU
		{31D7792C-8339-4C32-8C91-123C9B248B83}.Debug|x86.Build.0 = Debug|Any CPU
		{31D7792C-8339-4C32-8C91-123C9B248B83}.Release|Any CPU.ActiveCfg = Release|Any CPU
		{31D7792C-8339-4C32-8C91-123C9B248B83}.Release|Any CPU.Build.0 = Release|Any CPU
		{31D7792C-8339-4C32-8C91-123C9B248B83}.Release|ARM.ActiveCfg = Release|Any CPU
		{31D7792C-8339-4C32-8C91-123C9B248B83}.Release|ARM.Build.0 = Release|Any CPU
		{31D7792C-8339-4C32-8C91-123C9B248B83}.Release|iPhone.ActiveCfg = Release|Any CPU
		{31D7792C-8339-4C32-8C91-123C9B248B83}.Release|iPhone.Build.0 = Release|Any CPU
		{31D7792C-8339-4C32-8C91-123C9B248B83}.Release|iPhoneSimulator.ActiveCfg = Release|Any CPU
		{31D7792C-8339-4C32-8C91-123C9B248B83}.Release|iPhoneSimulator.Build.0 = Release|Any CPU
		{31D7792C-8339-4C32-8C91-123C9B248B83}.Release|x64.ActiveCfg = Release|Any CPU
		{31D7792C-8339-4C32-8C91-123C9B248B83}.Release|x64.Build.0 = Release|Any CPU
		{31D7792C-8339-4C32-8C91-123C9B248B83}.Release|x86.ActiveCfg = Release|Any CPU
		{31D7792C-8339-4C32-8C91-123C9B248B83}.Release|x86.Build.0 = Release|Any CPU
		{EB7592B4-6689-4D9D-8DC0-F42726B1271D}.Ad-Hoc|Any CPU.ActiveCfg = Ad-Hoc|iPhone
		{EB7592B4-6689-4D9D-8DC0-F42726B1271D}.Ad-Hoc|ARM.ActiveCfg = Ad-Hoc|iPhone
		{EB7592B4-6689-4D9D-8DC0-F42726B1271D}.Ad-Hoc|iPhone.ActiveCfg = Ad-Hoc|iPhone
		{EB7592B4-6689-4D9D-8DC0-F42726B1271D}.Ad-Hoc|iPhone.Build.0 = Ad-Hoc|iPhone
		{EB7592B4-6689-4D9D-8DC0-F42726B1271D}.Ad-Hoc|iPhoneSimulator.ActiveCfg = Ad-Hoc|iPhoneSimulator
		{EB7592B4-6689-4D9D-8DC0-F42726B1271D}.Ad-Hoc|iPhoneSimulator.Build.0 = Ad-Hoc|iPhoneSimulator
		{EB7592B4-6689-4D9D-8DC0-F42726B1271D}.Ad-Hoc|x64.ActiveCfg = Ad-Hoc|iPhone
		{EB7592B4-6689-4D9D-8DC0-F42726B1271D}.Ad-Hoc|x86.ActiveCfg = Ad-Hoc|iPhone
		{EB7592B4-6689-4D9D-8DC0-F42726B1271D}.AppStore|Any CPU.ActiveCfg = AppStore|iPhone
		{EB7592B4-6689-4D9D-8DC0-F42726B1271D}.AppStore|ARM.ActiveCfg = AppStore|iPhone
		{EB7592B4-6689-4D9D-8DC0-F42726B1271D}.AppStore|iPhone.ActiveCfg = AppStore|iPhone
		{EB7592B4-6689-4D9D-8DC0-F42726B1271D}.AppStore|iPhone.Build.0 = AppStore|iPhone
		{EB7592B4-6689-4D9D-8DC0-F42726B1271D}.AppStore|iPhoneSimulator.ActiveCfg = AppStore|iPhoneSimulator
		{EB7592B4-6689-4D9D-8DC0-F42726B1271D}.AppStore|iPhoneSimulator.Build.0 = AppStore|iPhoneSimulator
		{EB7592B4-6689-4D9D-8DC0-F42726B1271D}.AppStore|x64.ActiveCfg = AppStore|iPhone
		{EB7592B4-6689-4D9D-8DC0-F42726B1271D}.AppStore|x86.ActiveCfg = AppStore|iPhone
		{EB7592B4-6689-4D9D-8DC0-F42726B1271D}.Debug|Any CPU.ActiveCfg = Debug|iPhone
		{EB7592B4-6689-4D9D-8DC0-F42726B1271D}.Debug|ARM.ActiveCfg = Debug|iPhone
		{EB7592B4-6689-4D9D-8DC0-F42726B1271D}.Debug|iPhone.ActiveCfg = Debug|iPhone
		{EB7592B4-6689-4D9D-8DC0-F42726B1271D}.Debug|iPhone.Build.0 = Debug|iPhone
		{EB7592B4-6689-4D9D-8DC0-F42726B1271D}.Debug|iPhoneSimulator.ActiveCfg = Debug|iPhoneSimulator
		{EB7592B4-6689-4D9D-8DC0-F42726B1271D}.Debug|iPhoneSimulator.Build.0 = Debug|iPhoneSimulator
		{EB7592B4-6689-4D9D-8DC0-F42726B1271D}.Debug|x64.ActiveCfg = Debug|iPhone
		{EB7592B4-6689-4D9D-8DC0-F42726B1271D}.Debug|x86.ActiveCfg = Debug|iPhone
		{EB7592B4-6689-4D9D-8DC0-F42726B1271D}.Release|Any CPU.ActiveCfg = Release|iPhone
		{EB7592B4-6689-4D9D-8DC0-F42726B1271D}.Release|ARM.ActiveCfg = Release|iPhone
		{EB7592B4-6689-4D9D-8DC0-F42726B1271D}.Release|iPhone.ActiveCfg = Release|iPhone
		{EB7592B4-6689-4D9D-8DC0-F42726B1271D}.Release|iPhone.Build.0 = Release|iPhone
		{EB7592B4-6689-4D9D-8DC0-F42726B1271D}.Release|iPhoneSimulator.ActiveCfg = Release|iPhoneSimulator
		{EB7592B4-6689-4D9D-8DC0-F42726B1271D}.Release|iPhoneSimulator.Build.0 = Release|iPhoneSimulator
		{EB7592B4-6689-4D9D-8DC0-F42726B1271D}.Release|x64.ActiveCfg = Release|iPhone
		{EB7592B4-6689-4D9D-8DC0-F42726B1271D}.Release|x86.ActiveCfg = Release|iPhone
	EndGlobalSection
	GlobalSection(SolutionProperties) = preSolution
		HideSolutionNode = FALSE
	EndGlobalSection
	GlobalSection(NestedProjects) = preSolution
		{316E6876-54B5-4F6A-BE8E-5BF6E3392352} = {1E46C7F7-2953-458B-B7F1-C524AEAC028F}
		{8698870B-1D92-48CC-988A-002DEF3102FE} = {1E46C7F7-2953-458B-B7F1-C524AEAC028F}
		{31D7792C-8339-4C32-8C91-123C9B248B83} = {8698870B-1D92-48CC-988A-002DEF3102FE}
		{EB7592B4-6689-4D9D-8DC0-F42726B1271D} = {8698870B-1D92-48CC-988A-002DEF3102FE}
	EndGlobalSection
EndGlobal
